
Microsoft Visual Studio Solution File, Format Version 12.00
# Visual Studio Version 17
VisualStudioVersion = 17.8.34330.188
MinimumVisualStudioVersion = 10.0.40219.1
Project("{FAE04EC0-301F-11D3-BF4B-00C04F79EFBC}") = "SE_Configurer", "SE_Configurer\SE_Configurer.csproj", "{23E278FD-4F15-4639-909D-AA4C6FA672F4}"
EndProject
Global
	GlobalSection(SolutionConfigurationPlatforms) = preSolution
		Debug|Any CPU = Debug|Any CPU
		Release|Any CPU = Release|Any CPU
	EndGlobalSection
	GlobalSection(ProjectConfigurationPlatforms) = postSolution
		{23E278FD-4F15-4639-909D-AA4C6FA672F4}.Debug|Any CPU.ActiveCfg = Debug|Any CPU
		{23E278FD-4F15-4639-909D-AA4C6FA672F4}.Debug|Any CPU.Build.0 = Debug|Any CPU
		{23E278FD-4F15-4639-909D-AA4C6FA672F4}.Release|Any CPU.ActiveCfg = Release|Any CPU
		{23E278FD-4F15-4639-909D-AA4C6FA672F4}.Release|Any CPU.Build.0 = Release|Any CPU
	EndGlobalSection
	GlobalSection(SolutionProperties) = preSolution
		HideSolutionNode = FALSE
	EndGlobalSection
	GlobalSection(ExtensibilityGlobals) = postSolution
		SolutionGuid = {8BDBF6BD-5B28-4C3F-8F02-CE12A8272FFA}
	EndGlobalSection
EndGlobal
